{
  "originHash" : "d5ab603d848cb5e2ab4b19b038a810ac05ca910cef9be9d0c55b7e9407c3ab19",
  "pins" : [
    {
      "identity" : "purchases-ios",
      "kind" : "remoteSourceControl",
      "location" : "https://github.com/RevenueCat/purchases-ios.git",
      "state" : {
        "revision" : "d9155fd20755ce900878275d56e4878c7fdfe2c1",
        "version" : "5.34.0"
      }
    },
    {
      "identity" : "youtubekit",
      "kind" : "remoteSourceControl",
      "location" : "https://github.com/alexeichhorn/YouTubeKit.git",
      "state" : {
        "revision" : "fae7914e970a116405d89ae9cbbcfb2915824100",
        "version" : "0.2.8"
      }
    }
  ],
  "version" : 3
}
