{
  "originHash" : "d5ab603d848cb5e2ab4b19b038a810ac05ca910cef9be9d0c55b7e9407c3ab19",
  "pins" : [
    {
      "identity" : "purchases-ios",
      "kind" : "remoteSourceControl",
      "location" : "https://github.com/RevenueCat/purchases-ios.git",
      "state" : {
        "revision" : "0959f74ac36f16fed5375ab0902dbe023830c5e2",
        "version" : "5.26.0"
      }
    },
    {
      "identity" : "youtubekit",
      "kind" : "remoteSourceControl",
      "location" : "https://github.com/alexeichhorn/YouTubeKit.git",
      "state" : {
        "revision" : "fae7914e970a116405d89ae9cbbcfb2915824100",
        "version" : "0.2.8"
      }
    }
  ],
  "version" : 3
}
