// !$*UTF8*$!
{
	archiveVersion = 1;
	classes = {
	};
	objectVersion = 56;
	objects = {

/* Begin PBXBuildFile section */
		1C2643D92B9A671D006D5D69 /* AppDelegate.swift in Sources */ = {isa = PBXBuildFile; fileRef = 1C2643D82B9A671D006D5D69 /* AppDelegate.swift */; };
		1C2643DB2B9A671D006D5D69 /* ViewController.swift in Sources */ = {isa = PBXBuildFile; fileRef = 1C2643DA2B9A671D006D5D69 /* ViewController.swift */; };
		1C2643DE2B9A671D006D5D69 /* Main.storyboard in Resources */ = {isa = PBXBuildFile; fileRef = 1C2643DC2B9A671D006D5D69 /* Main.storyboard */; };
		1C2643E02B9A671F006D5D69 /* Assets.xcassets in Resources */ = {isa = PBXBuildFile; fileRef = 1C2643DF2B9A671F006D5D69 /* Assets.xcassets */; };
		1C2643E32B9A671F006D5D69 /* LaunchScreen.storyboard in Resources */ = {isa = PBXBuildFile; fileRef = 1C2643E12B9A671F006D5D69 /* LaunchScreen.storyboard */; };
		1C2643ED2B9A671F006D5D69 /* mtvTests.swift in Sources */ = {isa = PBXBuildFile; fileRef = 1C2643EC2B9A671F006D5D69 /* mtvTests.swift */; };
		1C2643F72B9A671F006D5D69 /* mtvUITests.swift in Sources */ = {isa = PBXBuildFile; fileRef = 1C2643F62B9A671F006D5D69 /* mtvUITests.swift */; };
		1C2643F92B9A671F006D5D69 /* mtvUITestsLaunchTests.swift in Sources */ = {isa = PBXBuildFile; fileRef = 1C2643F82B9A671F006D5D69 /* mtvUITestsLaunchTests.swift */; };
		1C2644072B9A7023006D5D69 /* PlaylistModel.swift in Sources */ = {isa = PBXBuildFile; fileRef = 1C2644062B9A7023006D5D69 /* PlaylistModel.swift */; };
		1C26440D2B9A71A7006D5D69 /* Constants.swift in Sources */ = {isa = PBXBuildFile; fileRef = 1C26440C2B9A71A7006D5D69 /* Constants.swift */; };
		1C26440F2B9A7680006D5D69 /* PlayListViewController.swift in Sources */ = {isa = PBXBuildFile; fileRef = 1C26440E2B9A7680006D5D69 /* PlayListViewController.swift */; };
		1C2644122B9A76AC006D5D69 /* XCDYouTubeKit in Frameworks */ = {isa = PBXBuildFile; productRef = 1C2644112B9A76AC006D5D69 /* XCDYouTubeKit */; };
		1C4BD6572BA11176002C37C1 /* ImageCell.swift in Sources */ = {isa = PBXBuildFile; fileRef = 1C4BD6562BA11176002C37C1 /* ImageCell.swift */; };
		1C4BD65A2BA1143B002C37C1 /* VideoDurationService.swift in Sources */ = {isa = PBXBuildFile; fileRef = 1C4BD6592BA1143B002C37C1 /* VideoDurationService.swift */; };
/* End PBXBuildFile section */

/* Begin PBXContainerItemProxy section */
		1C2643E92B9A671F006D5D69 /* PBXContainerItemProxy */ = {
			isa = PBXContainerItemProxy;
			containerPortal = 1C2643CD2B9A671D006D5D69 /* Project object */;
			proxyType = 1;
			remoteGlobalIDString = 1C2643D42B9A671D006D5D69;
			remoteInfo = mtv;
		};
		1C2643F32B9A671F006D5D69 /* PBXContainerItemProxy */ = {
			isa = PBXContainerItemProxy;
			containerPortal = 1C2643CD2B9A671D006D5D69 /* Project object */;
			proxyType = 1;
			remoteGlobalIDString = 1C2643D42B9A671D006D5D69;
			remoteInfo = mtv;
		};
/* End PBXContainerItemProxy section */

/* Begin PBXFileReference section */
		1C2643D52B9A671D006D5D69 /* mtv.app */ = {isa = PBXFileReference; explicitFileType = wrapper.application; includeInIndex = 0; path = mtv.app; sourceTree = BUILT_PRODUCTS_DIR; };
		1C2643D82B9A671D006D5D69 /* AppDelegate.swift */ = {isa = PBXFileReference; lastKnownFileType = sourcecode.swift; path = AppDelegate.swift; sourceTree = "<group>"; };
		1C2643DA2B9A671D006D5D69 /* ViewController.swift */ = {isa = PBXFileReference; lastKnownFileType = sourcecode.swift; path = ViewController.swift; sourceTree = "<group>"; };
		1C2643DD2B9A671D006D5D69 /* Base */ = {isa = PBXFileReference; lastKnownFileType = file.storyboard; name = Base; path = Base.lproj/Main.storyboard; sourceTree = "<group>"; };
		1C2643DF2B9A671F006D5D69 /* Assets.xcassets */ = {isa = PBXFileReference; lastKnownFileType = folder.assetcatalog; path = Assets.xcassets; sourceTree = "<group>"; };
		1C2643E22B9A671F006D5D69 /* Base */ = {isa = PBXFileReference; lastKnownFileType = file.storyboard; name = Base; path = Base.lproj/LaunchScreen.storyboard; sourceTree = "<group>"; };
		1C2643E82B9A671F006D5D69 /* mtvTests.xctest */ = {isa = PBXFileReference; explicitFileType = wrapper.cfbundle; includeInIndex = 0; path = mtvTests.xctest; sourceTree = BUILT_PRODUCTS_DIR; };
		1C2643EC2B9A671F006D5D69 /* mtvTests.swift */ = {isa = PBXFileReference; lastKnownFileType = sourcecode.swift; path = mtvTests.swift; sourceTree = "<group>"; };
		1C2643F22B9A671F006D5D69 /* mtvUITests.xctest */ = {isa = PBXFileReference; explicitFileType = wrapper.cfbundle; includeInIndex = 0; path = mtvUITests.xctest; sourceTree = BUILT_PRODUCTS_DIR; };
		1C2643F62B9A671F006D5D69 /* mtvUITests.swift */ = {isa = PBXFileReference; lastKnownFileType = sourcecode.swift; path = mtvUITests.swift; sourceTree = "<group>"; };
		1C2643F82B9A671F006D5D69 /* mtvUITestsLaunchTests.swift */ = {isa = PBXFileReference; lastKnownFileType = sourcecode.swift; path = mtvUITestsLaunchTests.swift; sourceTree = "<group>"; };
		1C2644062B9A7023006D5D69 /* PlaylistModel.swift */ = {isa = PBXFileReference; lastKnownFileType = sourcecode.swift; path = PlaylistModel.swift; sourceTree = "<group>"; };
		1C26440C2B9A71A7006D5D69 /* Constants.swift */ = {isa = PBXFileReference; lastKnownFileType = sourcecode.swift; path = Constants.swift; sourceTree = "<group>"; };
		1C26440E2B9A7680006D5D69 /* PlayListViewController.swift */ = {isa = PBXFileReference; lastKnownFileType = sourcecode.swift; path = PlayListViewController.swift; sourceTree = "<group>"; };
		1C4BD6562BA11176002C37C1 /* ImageCell.swift */ = {isa = PBXFileReference; lastKnownFileType = sourcecode.swift; path = ImageCell.swift; sourceTree = "<group>"; };
		1C4BD6592BA1143B002C37C1 /* VideoDurationService.swift */ = {isa = PBXFileReference; lastKnownFileType = sourcecode.swift; path = VideoDurationService.swift; sourceTree = "<group>"; };
/* End PBXFileReference section */

/* Begin PBXFrameworksBuildPhase section */
		1C2643D22B9A671D006D5D69 /* Frameworks */ = {
			isa = PBXFrameworksBuildPhase;
			buildActionMask = 2147483647;
			files = (
				1C2644122B9A76AC006D5D69 /* XCDYouTubeKit in Frameworks */,
			);
			runOnlyForDeploymentPostprocessing = 0;
		};
		1C2643E52B9A671F006D5D69 /* Frameworks */ = {
			isa = PBXFrameworksBuildPhase;
			buildActionMask = 2147483647;
			files = (
			);
			runOnlyForDeploymentPostprocessing = 0;
		};
		1C2643EF2B9A671F006D5D69 /* Frameworks */ = {
			isa = PBXFrameworksBuildPhase;
			buildActionMask = 2147483647;
			files = (
			);
			runOnlyForDeploymentPostprocessing = 0;
		};
/* End PBXFrameworksBuildPhase section */

/* Begin PBXGroup section */
		1C2643CC2B9A671D006D5D69 = {
			isa = PBXGroup;
			children = (
				1C2643D72B9A671D006D5D69 /* mtv */,
				1C2643EB2B9A671F006D5D69 /* mtvTests */,
				1C2643F52B9A671F006D5D69 /* mtvUITests */,
				1C2643D62B9A671D006D5D69 /* Products */,
			);
			sourceTree = "<group>";
		};
		1C2643D62B9A671D006D5D69 /* Products */ = {
			isa = PBXGroup;
			children = (
				1C2643D52B9A671D006D5D69 /* mtv.app */,
				1C2643E82B9A671F006D5D69 /* mtvTests.xctest */,
				1C2643F22B9A671F006D5D69 /* mtvUITests.xctest */,
			);
			name = Products;
			sourceTree = "<group>";
		};
		1C2643D72B9A671D006D5D69 /* mtv */ = {
			isa = PBXGroup;
			children = (
				1C4BD6582BA11428002C37C1 /* Services */,
				1C26440B2B9A719B006D5D69 /* constants */,
				1C2644082B9A715A006D5D69 /* views */,
				1C2644052B9A700F006D5D69 /* models */,
				1C2643D82B9A671D006D5D69 /* AppDelegate.swift */,
				1C2643DA2B9A671D006D5D69 /* ViewController.swift */,
				1C2643DC2B9A671D006D5D69 /* Main.storyboard */,
				1C2643DF2B9A671F006D5D69 /* Assets.xcassets */,
				1C2643E12B9A671F006D5D69 /* LaunchScreen.storyboard */,
			);
			path = mtv;
			sourceTree = "<group>";
		};
		1C2643EB2B9A671F006D5D69 /* mtvTests */ = {
			isa = PBXGroup;
			children = (
				1C2643EC2B9A671F006D5D69 /* mtvTests.swift */,
			);
			path = mtvTests;
			sourceTree = "<group>";
		};
		1C2643F52B9A671F006D5D69 /* mtvUITests */ = {
			isa = PBXGroup;
			children = (
				1C2643F62B9A671F006D5D69 /* mtvUITests.swift */,
				1C2643F82B9A671F006D5D69 /* mtvUITestsLaunchTests.swift */,
			);
			path = mtvUITests;
			sourceTree = "<group>";
		};
		1C2644052B9A700F006D5D69 /* models */ = {
			isa = PBXGroup;
			children = (
				1C2644062B9A7023006D5D69 /* PlaylistModel.swift */,
			);
			path = models;
			sourceTree = "<group>";
		};
		1C2644082B9A715A006D5D69 /* views */ = {
			isa = PBXGroup;
			children = (
				1C26440E2B9A7680006D5D69 /* PlayListViewController.swift */,
				1C4BD6562BA11176002C37C1 /* ImageCell.swift */,
			);
			path = views;
			sourceTree = "<group>";
		};
		1C26440B2B9A719B006D5D69 /* constants */ = {
			isa = PBXGroup;
			children = (
				1C26440C2B9A71A7006D5D69 /* Constants.swift */,
			);
			path = constants;
			sourceTree = "<group>";
		};
		1C4BD6582BA11428002C37C1 /* Services */ = {
			isa = PBXGroup;
			children = (
				1C4BD6592BA1143B002C37C1 /* VideoDurationService.swift */,
			);
			path = Services;
			sourceTree = "<group>";
		};
/* End PBXGroup section */

/* Begin PBXNativeTarget section */
		1C2643D42B9A671D006D5D69 /* mtv */ = {
			isa = PBXNativeTarget;
			buildConfigurationList = 1C2643FC2B9A671F006D5D69 /* Build configuration list for PBXNativeTarget "mtv" */;
			buildPhases = (
				1C2643D12B9A671D006D5D69 /* Sources */,
				1C2643D22B9A671D006D5D69 /* Frameworks */,
				1C2643D32B9A671D006D5D69 /* Resources */,
			);
			buildRules = (
			);
			dependencies = (
			);
			name = mtv;
			packageProductDependencies = (
				1C2644112B9A76AC006D5D69 /* XCDYouTubeKit */,
			);
			productName = mtv;
			productReference = 1C2643D52B9A671D006D5D69 /* mtv.app */;
			productType = "com.apple.product-type.application";
		};
		1C2643E72B9A671F006D5D69 /* mtvTests */ = {
			isa = PBXNativeTarget;
			buildConfigurationList = 1C2643FF2B9A671F006D5D69 /* Build configuration list for PBXNativeTarget "mtvTests" */;
			buildPhases = (
				1C2643E42B9A671F006D5D69 /* Sources */,
				1C2643E52B9A671F006D5D69 /* Frameworks */,
				1C2643E62B9A671F006D5D69 /* Resources */,
			);
			buildRules = (
			);
			dependencies = (
				1C2643EA2B9A671F006D5D69 /* PBXTargetDependency */,
			);
			name = mtvTests;
			productName = mtvTests;
			productReference = 1C2643E82B9A671F006D5D69 /* mtvTests.xctest */;
			productType = "com.apple.product-type.bundle.unit-test";
		};
		1C2643F12B9A671F006D5D69 /* mtvUITests */ = {
			isa = PBXNativeTarget;
			buildConfigurationList = 1C2644022B9A671F006D5D69 /* Build configuration list for PBXNativeTarget "mtvUITests" */;
			buildPhases = (
				1C2643EE2B9A671F006D5D69 /* Sources */,
				1C2643EF2B9A671F006D5D69 /* Frameworks */,
				1C2643F02B9A671F006D5D69 /* Resources */,
			);
			buildRules = (
			);
			dependencies = (
				1C2643F42B9A671F006D5D69 /* PBXTargetDependency */,
			);
			name = mtvUITests;
			productName = mtvUITests;
			productReference = 1C2643F22B9A671F006D5D69 /* mtvUITests.xctest */;
			productType = "com.apple.product-type.bundle.ui-testing";
		};
/* End PBXNativeTarget section */

/* Begin PBXProject section */
		1C2643CD2B9A671D006D5D69 /* Project object */ = {
			isa = PBXProject;
			attributes = {
				BuildIndependentTargetsInParallel = 1;
				LastSwiftUpdateCheck = 1520;
				LastUpgradeCheck = 1520;
				TargetAttributes = {
					1C2643D42B9A671D006D5D69 = {
						CreatedOnToolsVersion = 15.2;
					};
					1C2643E72B9A671F006D5D69 = {
						CreatedOnToolsVersion = 15.2;
						TestTargetID = 1C2643D42B9A671D006D5D69;
					};
					1C2643F12B9A671F006D5D69 = {
						CreatedOnToolsVersion = 15.2;
						TestTargetID = 1C2643D42B9A671D006D5D69;
					};
				};
			};
			buildConfigurationList = 1C2643D02B9A671D006D5D69 /* Build configuration list for PBXProject "mtv" */;
			compatibilityVersion = "Xcode 14.0";
			developmentRegion = en;
			hasScannedForEncodings = 0;
			knownRegions = (
				en,
				Base,
			);
			mainGroup = 1C2643CC2B9A671D006D5D69;
			packageReferences = (
				1C2644102B9A76AC006D5D69 /* XCRemoteSwiftPackageReference "XCDYouTubeKit" */,
			);
			productRefGroup = 1C2643D62B9A671D006D5D69 /* Products */;
			projectDirPath = "";
			projectRoot = "";
			targets = (
				1C2643D42B9A671D006D5D69 /* mtv */,
				1C2643E72B9A671F006D5D69 /* mtvTests */,
				1C2643F12B9A671F006D5D69 /* mtvUITests */,
			);
		};
/* End PBXProject section */

/* Begin PBXResourcesBuildPhase section */
		1C2643D32B9A671D006D5D69 /* Resources */ = {
			isa = PBXResourcesBuildPhase;
			buildActionMask = 2147483647;
			files = (
				1C2643E32B9A671F006D5D69 /* LaunchScreen.storyboard in Resources */,
				1C2643E02B9A671F006D5D69 /* Assets.xcassets in Resources */,
				1C2643DE2B9A671D006D5D69 /* Main.storyboard in Resources */,
			);
			runOnlyForDeploymentPostprocessing = 0;
		};
		1C2643E62B9A671F006D5D69 /* Resources */ = {
			isa = PBXResourcesBuildPhase;
			buildActionMask = 2147483647;
			files = (
			);
			runOnlyForDeploymentPostprocessing = 0;
		};
		1C2643F02B9A671F006D5D69 /* Resources */ = {
			isa = PBXResourcesBuildPhase;
			buildActionMask = 2147483647;
			files = (
			);
			runOnlyForDeploymentPostprocessing = 0;
		};
/* End PBXResourcesBuildPhase section */

/* Begin PBXSourcesBuildPhase section */
		1C2643D12B9A671D006D5D69 /* Sources */ = {
			isa = PBXSourcesBuildPhase;
			buildActionMask = 2147483647;
			files = (
				1C26440D2B9A71A7006D5D69 /* Constants.swift in Sources */,
				1C26440F2B9A7680006D5D69 /* PlayListViewController.swift in Sources */,
				1C2643DB2B9A671D006D5D69 /* ViewController.swift in Sources */,
				1C2644072B9A7023006D5D69 /* PlaylistModel.swift in Sources */,
				1C2643D92B9A671D006D5D69 /* AppDelegate.swift in Sources */,
				1C4BD6572BA11176002C37C1 /* ImageCell.swift in Sources */,
				1C4BD65A2BA1143B002C37C1 /* VideoDurationService.swift in Sources */,
			);
			runOnlyForDeploymentPostprocessing = 0;
		};
		1C2643E42B9A671F006D5D69 /* Sources */ = {
			isa = PBXSourcesBuildPhase;
			buildActionMask = 2147483647;
			files = (
				1C2643ED2B9A671F006D5D69 /* mtvTests.swift in Sources */,
			);
			runOnlyForDeploymentPostprocessing = 0;
		};
		1C2643EE2B9A671F006D5D69 /* Sources */ = {
			isa = PBXSourcesBuildPhase;
			buildActionMask = 2147483647;
			files = (
				1C2643F92B9A671F006D5D69 /* mtvUITestsLaunchTests.swift in Sources */,
				1C2643F72B9A671F006D5D69 /* mtvUITests.swift in Sources */,
			);
			runOnlyForDeploymentPostprocessing = 0;
		};
/* End PBXSourcesBuildPhase section */

/* Begin PBXTargetDependency section */
		1C2643EA2B9A671F006D5D69 /* PBXTargetDependency */ = {
			isa = PBXTargetDependency;
			target = 1C2643D42B9A671D006D5D69 /* mtv */;
			targetProxy = 1C2643E92B9A671F006D5D69 /* PBXContainerItemProxy */;
		};
		1C2643F42B9A671F006D5D69 /* PBXTargetDependency */ = {
			isa = PBXTargetDependency;
			target = 1C2643D42B9A671D006D5D69 /* mtv */;
			targetProxy = 1C2643F32B9A671F006D5D69 /* PBXContainerItemProxy */;
		};
/* End PBXTargetDependency section */

/* Begin PBXVariantGroup section */
		1C2643DC2B9A671D006D5D69 /* Main.storyboard */ = {
			isa = PBXVariantGroup;
			children = (
				1C2643DD2B9A671D006D5D69 /* Base */,
			);
			name = Main.storyboard;
			sourceTree = "<group>";
		};
		1C2643E12B9A671F006D5D69 /* LaunchScreen.storyboard */ = {
			isa = PBXVariantGroup;
			children = (
				1C2643E22B9A671F006D5D69 /* Base */,
			);
			name = LaunchScreen.storyboard;
			sourceTree = "<group>";
		};
/* End PBXVariantGroup section */

/* Begin XCBuildConfiguration section */
		1C2643FA2B9A671F006D5D69 /* Debug */ = {
			isa = XCBuildConfiguration;
			buildSettings = {
				ALWAYS_SEARCH_USER_PATHS = NO;
				ASSETCATALOG_COMPILER_GENERATE_SWIFT_ASSET_SYMBOL_EXTENSIONS = YES;
				CLANG_ANALYZER_NONNULL = YES;
				CLANG_ANALYZER_NUMBER_OBJECT_CONVERSION = YES_AGGRESSIVE;
				CLANG_CXX_LANGUAGE_STANDARD = "gnu++20";
				CLANG_ENABLE_MODULES = YES;
				CLANG_ENABLE_OBJC_ARC = YES;
				CLANG_ENABLE_OBJC_WEAK = YES;
				CLANG_WARN_BLOCK_CAPTURE_AUTORELEASING = YES;
				CLANG_WARN_BOOL_CONVERSION = YES;
				CLANG_WARN_COMMA = YES;
				CLANG_WARN_CONSTANT_CONVERSION = YES;
				CLANG_WARN_DEPRECATED_OBJC_IMPLEMENTATIONS = YES;
				CLANG_WARN_DIRECT_OBJC_ISA_USAGE = YES_ERROR;
				CLANG_WARN_DOCUMENTATION_COMMENTS = YES;
				CLANG_WARN_EMPTY_BODY = YES;
				CLANG_WARN_ENUM_CONVERSION = YES;
				CLANG_WARN_INFINITE_RECURSION = YES;
				CLANG_WARN_INT_CONVERSION = YES;
				CLANG_WARN_NON_LITERAL_NULL_CONVERSION = YES;
				CLANG_WARN_OBJC_IMPLICIT_RETAIN_SELF = YES;
				CLANG_WARN_OBJC_LITERAL_CONVERSION = YES;
				CLANG_WARN_OBJC_ROOT_CLASS = YES_ERROR;
				CLANG_WARN_QUOTED_INCLUDE_IN_FRAMEWORK_HEADER = YES;
				CLANG_WARN_RANGE_LOOP_ANALYSIS = YES;
				CLANG_WARN_STRICT_PROTOTYPES = YES;
				CLANG_WARN_SUSPICIOUS_MOVE = YES;
				CLANG_WARN_UNGUARDED_AVAILABILITY = YES_AGGRESSIVE;
				CLANG_WARN_UNREACHABLE_CODE = YES;
				CLANG_WARN__DUPLICATE_METHOD_MATCH = YES;
				COPY_PHASE_STRIP = NO;
				DEBUG_INFORMATION_FORMAT = dwarf;
				ENABLE_STRICT_OBJC_MSGSEND = YES;
				ENABLE_TESTABILITY = YES;
				ENABLE_USER_SCRIPT_SANDBOXING = YES;
				GCC_C_LANGUAGE_STANDARD = gnu17;
				GCC_DYNAMIC_NO_PIC = NO;
				GCC_NO_COMMON_BLOCKS = YES;
				GCC_OPTIMIZATION_LEVEL = 0;
				GCC_PREPROCESSOR_DEFINITIONS = (
					"DEBUG=1",
					"$(inherited)",
				);
				GCC_WARN_64_TO_32_BIT_CONVERSION = YES;
				GCC_WARN_ABOUT_RETURN_TYPE = YES_ERROR;
				GCC_WARN_UNDECLARED_SELECTOR = YES;
				GCC_WARN_UNINITIALIZED_AUTOS = YES_AGGRESSIVE;
				GCC_WARN_UNUSED_FUNCTION = YES;
				GCC_WARN_UNUSED_VARIABLE = YES;
				LOCALIZATION_PREFERS_STRING_CATALOGS = YES;
				MTL_ENABLE_DEBUG_INFO = INCLUDE_SOURCE;
				MTL_FAST_MATH = YES;
				ONLY_ACTIVE_ARCH = YES;
				SDKROOT = appletvos;
				SWIFT_ACTIVE_COMPILATION_CONDITIONS = "DEBUG $(inherited)";
				SWIFT_OPTIMIZATION_LEVEL = "-Onone";
				TVOS_DEPLOYMENT_TARGET = 17.2;
			};
			name = Debug;
		};
		1C2643FB2B9A671F006D5D69 /* Release */ = {
			isa = XCBuildConfiguration;
			buildSettings = {
				ALWAYS_SEARCH_USER_PATHS = NO;
				ASSETCATALOG_COMPILER_GENERATE_SWIFT_ASSET_SYMBOL_EXTENSIONS = YES;
				CLANG_ANALYZER_NONNULL = YES;
				CLANG_ANALYZER_NUMBER_OBJECT_CONVERSION = YES_AGGRESSIVE;
				CLANG_CXX_LANGUAGE_STANDARD = "gnu++20";
				CLANG_ENABLE_MODULES = YES;
				CLANG_ENABLE_OBJC_ARC = YES;
				CLANG_ENABLE_OBJC_WEAK = YES;
				CLANG_WARN_BLOCK_CAPTURE_AUTORELEASING = YES;
				CLANG_WARN_BOOL_CONVERSION = YES;
				CLANG_WARN_COMMA = YES;
				CLANG_WARN_CONSTANT_CONVERSION = YES;
				CLANG_WARN_DEPRECATED_OBJC_IMPLEMENTATIONS = YES;
				CLANG_WARN_DIRECT_OBJC_ISA_USAGE = YES_ERROR;
				CLANG_WARN_DOCUMENTATION_COMMENTS = YES;
				CLANG_WARN_EMPTY_BODY = YES;
				CLANG_WARN_ENUM_CONVERSION = YES;
				CLANG_WARN_INFINITE_RECURSION = YES;
				CLANG_WARN_INT_CONVERSION = YES;
				CLANG_WARN_NON_LITERAL_NULL_CONVERSION = YES;
				CLANG_WARN_OBJC_IMPLICIT_RETAIN_SELF = YES;
				CLANG_WARN_OBJC_LITERAL_CONVERSION = YES;
				CLANG_WARN_OBJC_ROOT_CLASS = YES_ERROR;
				CLANG_WARN_QUOTED_INCLUDE_IN_FRAMEWORK_HEADER = YES;
				CLANG_WARN_RANGE_LOOP_ANALYSIS = YES;
				CLANG_WARN_STRICT_PROTOTYPES = YES;
				CLANG_WARN_SUSPICIOUS_MOVE = YES;
				CLANG_WARN_UNGUARDED_AVAILABILITY = YES_AGGRESSIVE;
				CLANG_WARN_UNREACHABLE_CODE = YES;
				CLANG_WARN__DUPLICATE_METHOD_MATCH = YES;
				COPY_PHASE_STRIP = NO;
				DEBUG_INFORMATION_FORMAT = "dwarf-with-dsym";
				ENABLE_NS_ASSERTIONS = NO;
				ENABLE_STRICT_OBJC_MSGSEND = YES;
				ENABLE_USER_SCRIPT_SANDBOXING = YES;
				GCC_C_LANGUAGE_STANDARD = gnu17;
				GCC_NO_COMMON_BLOCKS = YES;
				GCC_WARN_64_TO_32_BIT_CONVERSION = YES;
				GCC_WARN_ABOUT_RETURN_TYPE = YES_ERROR;
				GCC_WARN_UNDECLARED_SELECTOR = YES;
				GCC_WARN_UNINITIALIZED_AUTOS = YES_AGGRESSIVE;
				GCC_WARN_UNUSED_FUNCTION = YES;
				GCC_WARN_UNUSED_VARIABLE = YES;
				LOCALIZATION_PREFERS_STRING_CATALOGS = YES;
				MTL_ENABLE_DEBUG_INFO = NO;
				MTL_FAST_MATH = YES;
				SDKROOT = appletvos;
				SWIFT_COMPILATION_MODE = wholemodule;
				TVOS_DEPLOYMENT_TARGET = 17.2;
				VALIDATE_PRODUCT = YES;
			};
			name = Release;
		};
		1C2643FD2B9A671F006D5D69 /* Debug */ = {
			isa = XCBuildConfiguration;
			buildSettings = {
				ASSETCATALOG_COMPILER_APPICON_NAME = "App Icon & Top Shelf Image";
				ASSETCATALOG_COMPILER_GLOBAL_ACCENT_COLOR_NAME = AccentColor;
				CODE_SIGN_STYLE = Automatic;
				CURRENT_PROJECT_VERSION = 1;
				DEVELOPMENT_TEAM = L8CR5WUF4X;
				GENERATE_INFOPLIST_FILE = YES;
				INFOPLIST_KEY_UILaunchStoryboardName = LaunchScreen;
				INFOPLIST_KEY_UIMainStoryboardFile = Main;
				INFOPLIST_KEY_UIUserInterfaceStyle = Automatic;
				LD_RUNPATH_SEARCH_PATHS = (
					"$(inherited)",
					"@executable_path/Frameworks",
				);
				MARKETING_VERSION = 1.0;
				PRODUCT_BUNDLE_IDENTIFIER = designoverhaul.mtv;
				PRODUCT_NAME = "$(TARGET_NAME)";
				SWIFT_EMIT_LOC_STRINGS = YES;
				SWIFT_VERSION = 5.0;
				TARGETED_DEVICE_FAMILY = 3;
			};
			name = Debug;
		};
		1C2643FE2B9A671F006D5D69 /* Release */ = {
			isa = XCBuildConfiguration;
			buildSettings = {
				ASSETCATALOG_COMPILER_APPICON_NAME = "App Icon & Top Shelf Image";
				ASSETCATALOG_COMPILER_GLOBAL_ACCENT_COLOR_NAME = AccentColor;
				CODE_SIGN_STYLE = Automatic;
				CURRENT_PROJECT_VERSION = 1;
				DEVELOPMENT_TEAM = L8CR5WUF4X;
				GENERATE_INFOPLIST_FILE = YES;
				INFOPLIST_KEY_UILaunchStoryboardName = LaunchScreen;
				INFOPLIST_KEY_UIMainStoryboardFile = Main;
				INFOPLIST_KEY_UIUserInterfaceStyle = Automatic;
				LD_RUNPATH_SEARCH_PATHS = (
					"$(inherited)",
					"@executable_path/Frameworks",
				);
				MARKETING_VERSION = 1.0;
				PRODUCT_BUNDLE_IDENTIFIER = designoverhaul.mtv;
				PRODUCT_NAME = "$(TARGET_NAME)";
				SWIFT_EMIT_LOC_STRINGS = YES;
				SWIFT_VERSION = 5.0;
				TARGETED_DEVICE_FAMILY = 3;
			};
			name = Release;
		};
		1C2644002B9A671F006D5D69 /* Debug */ = {
			isa = XCBuildConfiguration;
			buildSettings = {
				ALWAYS_EMBED_SWIFT_STANDARD_LIBRARIES = YES;
				BUNDLE_LOADER = "$(TEST_HOST)";
				CODE_SIGN_STYLE = Automatic;
				CURRENT_PROJECT_VERSION = 1;
				DEVELOPMENT_TEAM = L8CR5WUF4X;
				GENERATE_INFOPLIST_FILE = YES;
				MARKETING_VERSION = 1.0;
				PRODUCT_BUNDLE_IDENTIFIER = designoverhaul.mtvTests;
				PRODUCT_NAME = "$(TARGET_NAME)";
				SWIFT_EMIT_LOC_STRINGS = NO;
				SWIFT_VERSION = 5.0;
				TARGETED_DEVICE_FAMILY = 3;
				TEST_HOST = "$(BUILT_PRODUCTS_DIR)/mtv.app/$(BUNDLE_EXECUTABLE_FOLDER_PATH)/mtv";
				TVOS_DEPLOYMENT_TARGET = 17.2;
			};
			name = Debug;
		};
		1C2644012B9A671F006D5D69 /* Release */ = {
			isa = XCBuildConfiguration;
			buildSettings = {
				ALWAYS_EMBED_SWIFT_STANDARD_LIBRARIES = YES;
				BUNDLE_LOADER = "$(TEST_HOST)";
				CODE_SIGN_STYLE = Automatic;
				CURRENT_PROJECT_VERSION = 1;
				DEVELOPMENT_TEAM = L8CR5WUF4X;
				GENERATE_INFOPLIST_FILE = YES;
				MARKETING_VERSION = 1.0;
				PRODUCT_BUNDLE_IDENTIFIER = designoverhaul.mtvTests;
				PRODUCT_NAME = "$(TARGET_NAME)";
				SWIFT_EMIT_LOC_STRINGS = NO;
				SWIFT_VERSION = 5.0;
				TARGETED_DEVICE_FAMILY = 3;
				TEST_HOST = "$(BUILT_PRODUCTS_DIR)/mtv.app/$(BUNDLE_EXECUTABLE_FOLDER_PATH)/mtv";
				TVOS_DEPLOYMENT_TARGET = 17.2;
			};
			name = Release;
		};
		1C2644032B9A671F006D5D69 /* Debug */ = {
			isa = XCBuildConfiguration;
			buildSettings = {
				ALWAYS_EMBED_SWIFT_STANDARD_LIBRARIES = YES;
				CODE_SIGN_STYLE = Automatic;
				CURRENT_PROJECT_VERSION = 1;
				DEVELOPMENT_TEAM = L8CR5WUF4X;
				GENERATE_INFOPLIST_FILE = YES;
				MARKETING_VERSION = 1.0;
				PRODUCT_BUNDLE_IDENTIFIER = designoverhaul.mtvUITests;
				PRODUCT_NAME = "$(TARGET_NAME)";
				SWIFT_EMIT_LOC_STRINGS = NO;
				SWIFT_VERSION = 5.0;
				TARGETED_DEVICE_FAMILY = 3;
				TEST_TARGET_NAME = mtv;
			};
			name = Debug;
		};
		1C2644042B9A671F006D5D69 /* Release */ = {
			isa = XCBuildConfiguration;
			buildSettings = {
				ALWAYS_EMBED_SWIFT_STANDARD_LIBRARIES = YES;
				CODE_SIGN_STYLE = Automatic;
				CURRENT_PROJECT_VERSION = 1;
				DEVELOPMENT_TEAM = L8CR5WUF4X;
				GENERATE_INFOPLIST_FILE = YES;
				MARKETING_VERSION = 1.0;
				PRODUCT_BUNDLE_IDENTIFIER = designoverhaul.mtvUITests;
				PRODUCT_NAME = "$(TARGET_NAME)";
				SWIFT_EMIT_LOC_STRINGS = NO;
				SWIFT_VERSION = 5.0;
				TARGETED_DEVICE_FAMILY = 3;
				TEST_TARGET_NAME = mtv;
			};
			name = Release;
		};
/* End XCBuildConfiguration section */

/* Begin XCConfigurationList section */
		1C2643D02B9A671D006D5D69 /* Build configuration list for PBXProject "mtv" */ = {
			isa = XCConfigurationList;
			buildConfigurations = (
				1C2643FA2B9A671F006D5D69 /* Debug */,
				1C2643FB2B9A671F006D5D69 /* Release */,
			);
			defaultConfigurationIsVisible = 0;
			defaultConfigurationName = Release;
		};
		1C2643FC2B9A671F006D5D69 /* Build configuration list for PBXNativeTarget "mtv" */ = {
			isa = XCConfigurationList;
			buildConfigurations = (
				1C2643FD2B9A671F006D5D69 /* Debug */,
				1C2643FE2B9A671F006D5D69 /* Release */,
			);
			defaultConfigurationIsVisible = 0;
			defaultConfigurationName = Release;
		};
		1C2643FF2B9A671F006D5D69 /* Build configuration list for PBXNativeTarget "mtvTests" */ = {
			isa = XCConfigurationList;
			buildConfigurations = (
				1C2644002B9A671F006D5D69 /* Debug */,
				1C2644012B9A671F006D5D69 /* Release */,
			);
			defaultConfigurationIsVisible = 0;
			defaultConfigurationName = Release;
		};
		1C2644022B9A671F006D5D69 /* Build configuration list for PBXNativeTarget "mtvUITests" */ = {
			isa = XCConfigurationList;
			buildConfigurations = (
				1C2644032B9A671F006D5D69 /* Debug */,
				1C2644042B9A671F006D5D69 /* Release */,
			);
			defaultConfigurationIsVisible = 0;
			defaultConfigurationName = Release;
		};
/* End XCConfigurationList section */

/* Begin XCRemoteSwiftPackageReference section */
		1C2644102B9A76AC006D5D69 /* XCRemoteSwiftPackageReference "XCDYouTubeKit" */ = {
			isa = XCRemoteSwiftPackageReference;
			repositoryURL = "https://github.com/cbg-dev-k/XCDYouTubeKit";
			requirement = {
				kind = upToNextMajorVersion;
				minimumVersion = 2.16.0;
			};
		};
/* End XCRemoteSwiftPackageReference section */

/* Begin XCSwiftPackageProductDependency section */
		1C2644112B9A76AC006D5D69 /* XCDYouTubeKit */ = {
			isa = XCSwiftPackageProductDependency;
			package = 1C2644102B9A76AC006D5D69 /* XCRemoteSwiftPackageReference "XCDYouTubeKit" */;
			productName = XCDYouTubeKit;
		};
/* End XCSwiftPackageProductDependency section */
	};
	rootObject = 1C2643CD2B9A671D006D5D69 /* Project object */;
}
